// !$*UTF8*$!
{
	archiveVersion = 1;
	classes = {
	};
	objectVersion = 77;
	objects = {

/* Begin PBXBuildFile section */
		0847E30CB04C05C3D298E628 /* libPods-IOS-Todo-Clean-Arch-ObjCTests.a in Frameworks */ = {isa = PBXBuildFile; fileRef = 5E9859CB17D552E9AD7AE43C /* libPods-IOS-Todo-Clean-Arch-ObjCTests.a */; };
		5297C5E894B12B5BC25F76FF /* libPods-IOS-Todo-Clean-Arch-ObjC-IOS-Todo-Clean-Arch-ObjCUITests.a in Frameworks */ = {isa = PBXBuildFile; fileRef = D64B266FFD6D2BEEB91D8935 /* libPods-IOS-Todo-Clean-Arch-ObjC-IOS-Todo-Clean-Arch-ObjCUITests.a */; };
		8487F7942DF9438E00868F48 /* libsqlite3.tbd in Frameworks */ = {isa = PBXBuildFile; fileRef = 8487F7932DF9438E00868F48 /* libsqlite3.tbd */; };
/* End PBXBuildFile section */

/* Begin PBXContainerItemProxy section */
		845BB16C2DDC75D4009811C3 /* PBXContainerItemProxy */ = {
			isa = PBXContainerItemProxy;
			containerPortal = 845BB1482DDC75D2009811C3 /* Project object */;
			proxyType = 1;
			remoteGlobalIDString = 845BB14F2DDC75D2009811C3;
			remoteInfo = "IOS-Todo-Clean-Arch-ObjC";
		};
		845BB1762DDC75D4009811C3 /* PBXContainerItemProxy */ = {
			isa = PBXContainerItemProxy;
			containerPortal = 845BB1482DDC75D2009811C3 /* Project object */;
			proxyType = 1;
			remoteGlobalIDString = 845BB14F2DDC75D2009811C3;
			remoteInfo = "IOS-Todo-Clean-Arch-ObjC";
		};
/* End PBXContainerItemProxy section */

/* Begin PBXFileReference section */
		4B32AD7CCE96700C4AE626A0 /* libPods-IOS-Todo-Clean-Arch-ObjC.a */ = {isa = PBXFileReference; explicitFileType = archive.ar; includeInIndex = 0; path = "libPods-IOS-Todo-Clean-Arch-ObjC.a"; sourceTree = BUILT_PRODUCTS_DIR; };
		5E9859CB17D552E9AD7AE43C /* libPods-IOS-Todo-Clean-Arch-ObjCTests.a */ = {isa = PBXFileReference; explicitFileType = archive.ar; includeInIndex = 0; path = "libPods-IOS-Todo-Clean-Arch-ObjCTests.a"; sourceTree = BUILT_PRODUCTS_DIR; };
		845BB1502DDC75D2009811C3 /* IOS-Todo-Clean-Arch-ObjC.app */ = {isa = PBXFileReference; explicitFileType = wrapper.application; includeInIndex = 0; path = "IOS-Todo-Clean-Arch-ObjC.app"; sourceTree = BUILT_PRODUCTS_DIR; };
		845BB16B2DDC75D4009811C3 /* IOS-Todo-Clean-Arch-ObjCTests.xctest */ = {isa = PBXFileReference; explicitFileType = wrapper.cfbundle; includeInIndex = 0; path = "IOS-Todo-Clean-Arch-ObjCTests.xctest"; sourceTree = BUILT_PRODUCTS_DIR; };
		845BB1752DDC75D4009811C3 /* IOS-Todo-Clean-Arch-ObjCUITests.xctest */ = {isa = PBXFileReference; explicitFileType = wrapper.cfbundle; includeInIndex = 0; path = "IOS-Todo-Clean-Arch-ObjCUITests.xctest"; sourceTree = BUILT_PRODUCTS_DIR; };
		8487F7932DF9438E00868F48 /* libsqlite3.tbd */ = {isa = PBXFileReference; lastKnownFileType = "sourcecode.text-based-dylib-definition"; name = libsqlite3.tbd; path = usr/lib/libsqlite3.tbd; sourceTree = SDKROOT; };
		D64B266FFD6D2BEEB91D8935 /* libPods-IOS-Todo-Clean-Arch-ObjC-IOS-Todo-Clean-Arch-ObjCUITests.a */ = {isa = PBXFileReference; explicitFileType = archive.ar; includeInIndex = 0; path = "libPods-IOS-Todo-Clean-Arch-ObjC-IOS-Todo-Clean-Arch-ObjCUITests.a"; sourceTree = BUILT_PRODUCTS_DIR; };
/* End PBXFileReference section */

/* Begin PBXFileSystemSynchronizedBuildFileExceptionSet section */
		845BB17D2DDC75D4009811C3 /* Exceptions for "IOS-Todo-Clean-Arch-ObjC" folder in "IOS-Todo-Clean-Arch-ObjC" target */ = {
			isa = PBXFileSystemSynchronizedBuildFileExceptionSet;
			membershipExceptions = (
				Info.plist,
			);
			target = 845BB14F2DDC75D2009811C3 /* IOS-Todo-Clean-Arch-ObjC */;
		};
/* End PBXFileSystemSynchronizedBuildFileExceptionSet section */

/* Begin PBXFileSystemSynchronizedRootGroup section */
		845BB1522DDC75D2009811C3 /* IOS-Todo-Clean-Arch-ObjC */ = {
			isa = PBXFileSystemSynchronizedRootGroup;
			exceptions = (
				845BB17D2DDC75D4009811C3 /* Exceptions for "IOS-Todo-Clean-Arch-ObjC" folder in "IOS-Todo-Clean-Arch-ObjC" target */,
			);
			path = "IOS-Todo-Clean-Arch-ObjC";
			sourceTree = "<group>";
		};
		845BB16E2DDC75D4009811C3 /* IOS-Todo-Clean-Arch-ObjCTests */ = {
			isa = PBXFileSystemSynchronizedRootGroup;
			path = "IOS-Todo-Clean-Arch-ObjCTests";
			sourceTree = "<group>";
		};
		845BB1782DDC75D4009811C3 /* IOS-Todo-Clean-Arch-ObjCUITests */ = {
			isa = PBXFileSystemSynchronizedRootGroup;
			path = "IOS-Todo-Clean-Arch-ObjCUITests";
			sourceTree = "<group>";
		};
/* End PBXFileSystemSynchronizedRootGroup section */

/* Begin PBXFrameworksBuildPhase section */
		845BB1682DDC75D4009811C3 /* Frameworks */ = {
			isa = PBXFrameworksBuildPhase;
			buildActionMask = 2147483647;
			files = (
				0847E30CB04C05C3D298E628 /* libPods-IOS-Todo-Clean-Arch-ObjCTests.a in Frameworks */,
			);
			runOnlyForDeploymentPostprocessing = 0;
		};
		845BB1722DDC75D4009811C3 /* Frameworks */ = {
			isa = PBXFrameworksBuildPhase;
			buildActionMask = 2147483647;
			files = (
				5297C5E894B12B5BC25F76FF /* libPods-IOS-Todo-Clean-Arch-ObjC-IOS-Todo-Clean-Arch-ObjCUITests.a in Frameworks */,
			);
			runOnlyForDeploymentPostprocessing = 0;
		};
		8487F7922DF9436500868F48 /* Frameworks */ = {
			isa = PBXFrameworksBuildPhase;
			buildActionMask = 2147483647;
			files = (
				8487F7942DF9438E00868F48 /* libsqlite3.tbd in Frameworks */,
			);
			runOnlyForDeploymentPostprocessing = 0;
		};
/* End PBXFrameworksBuildPhase section */

/* Begin PBXGroup section */
		28FAEA3338316A18902DB8BD /* Frameworks */ = {
			isa = PBXGroup;
			children = (
				8487F7932DF9438E00868F48 /* libsqlite3.tbd */,
				4B32AD7CCE96700C4AE626A0 /* libPods-IOS-Todo-Clean-Arch-ObjC.a */,
				D64B266FFD6D2BEEB91D8935 /* libPods-IOS-Todo-Clean-Arch-ObjC-IOS-Todo-Clean-Arch-ObjCUITests.a */,
				5E9859CB17D552E9AD7AE43C /* libPods-IOS-Todo-Clean-Arch-ObjCTests.a */,
			);
			name = Frameworks;
			sourceTree = "<group>";
		};
		845BB1472DDC75D2009811C3 = {
			isa = PBXGroup;
			children = (
				845BB1522DDC75D2009811C3 /* IOS-Todo-Clean-Arch-ObjC */,
				845BB16E2DDC75D4009811C3 /* IOS-Todo-Clean-Arch-ObjCTests */,
				845BB1782DDC75D4009811C3 /* IOS-Todo-Clean-Arch-ObjCUITests */,
				845BB1512DDC75D2009811C3 /* Products */,
				28FAEA3338316A18902DB8BD /* Frameworks */,
			);
			sourceTree = "<group>";
		};
		845BB1512DDC75D2009811C3 /* Products */ = {
			isa = PBXGroup;
			children = (
				845BB1502DDC75D2009811C3 /* IOS-Todo-Clean-Arch-ObjC.app */,
				845BB16B2DDC75D4009811C3 /* IOS-Todo-Clean-Arch-ObjCTests.xctest */,
				845BB1752DDC75D4009811C3 /* IOS-Todo-Clean-Arch-ObjCUITests.xctest */,
			);
			name = Products;
			sourceTree = "<group>";
		};
/* End PBXGroup section */

/* Begin PBXNativeTarget section */
		845BB14F2DDC75D2009811C3 /* IOS-Todo-Clean-Arch-ObjC */ = {
			isa = PBXNativeTarget;
			buildConfigurationList = 845BB17E2DDC75D4009811C3 /* Build configuration list for PBXNativeTarget "IOS-Todo-Clean-Arch-ObjC" */;
			buildPhases = (
				845BB14C2DDC75D2009811C3 /* Sources */,
				845BB14E2DDC75D2009811C3 /* Resources */,
				8487F7922DF9436500868F48 /* Frameworks */,
			);
			buildRules = (
			);
			dependencies = (
			);
			fileSystemSynchronizedGroups = (
				845BB1522DDC75D2009811C3 /* IOS-Todo-Clean-Arch-ObjC */,
			);
			name = "IOS-Todo-Clean-Arch-ObjC";
			productName = "IOS-Todo-Clean-Arch-ObjC";
			productReference = 845BB1502DDC75D2009811C3 /* IOS-Todo-Clean-Arch-ObjC.app */;
			productType = "com.apple.product-type.application";
		};
		845BB16A2DDC75D4009811C3 /* IOS-Todo-Clean-Arch-ObjCTests */ = {
			isa = PBXNativeTarget;
			buildConfigurationList = 845BB1832DDC75D4009811C3 /* Build configuration list for PBXNativeTarget "IOS-Todo-Clean-Arch-ObjCTests" */;
			buildPhases = (
				845BB1672DDC75D4009811C3 /* Sources */,
				845BB1682DDC75D4009811C3 /* Frameworks */,
				845BB1692DDC75D4009811C3 /* Resources */,
			);
			buildRules = (
			);
			dependencies = (
				845BB16D2DDC75D4009811C3 /* PBXTargetDependency */,
			);
			fileSystemSynchronizedGroups = (
				845BB16E2DDC75D4009811C3 /* IOS-Todo-Clean-Arch-ObjCTests */,
			);
			name = "IOS-Todo-Clean-Arch-ObjCTests";
			productName = "IOS-Todo-Clean-Arch-ObjCTests";
			productReference = 845BB16B2DDC75D4009811C3 /* IOS-Todo-Clean-Arch-ObjCTests.xctest */;
			productType = "com.apple.product-type.bundle.unit-test";
		};
		845BB1742DDC75D4009811C3 /* IOS-Todo-Clean-Arch-ObjCUITests */ = {
			isa = PBXNativeTarget;
			buildConfigurationList = 845BB1862DDC75D4009811C3 /* Build configuration list for PBXNativeTarget "IOS-Todo-Clean-Arch-ObjCUITests" */;
			buildPhases = (
				845BB1712DDC75D4009811C3 /* Sources */,
				845BB1722DDC75D4009811C3 /* Frameworks */,
				845BB1732DDC75D4009811C3 /* Resources */,
			);
			buildRules = (
			);
			dependencies = (
				845BB1772DDC75D4009811C3 /* PBXTargetDependency */,
			);
			fileSystemSynchronizedGroups = (
				845BB1782DDC75D4009811C3 /* IOS-Todo-Clean-Arch-ObjCUITests */,
			);
			name = "IOS-Todo-Clean-Arch-ObjCUITests";
			productName = "IOS-Todo-Clean-Arch-ObjCUITests";
			productReference = 845BB1752DDC75D4009811C3 /* IOS-Todo-Clean-Arch-ObjCUITests.xctest */;
			productType = "com.apple.product-type.bundle.ui-testing";
		};
/* End PBXNativeTarget section */

/* Begin PBXProject section */
		845BB1482DDC75D2009811C3 /* Project object */ = {
			isa = PBXProject;
			attributes = {
				BuildIndependentTargetsInParallel = 1;
				LastUpgradeCheck = 1620;
				TargetAttributes = {
					845BB14F2DDC75D2009811C3 = {
						CreatedOnToolsVersion = 16.2;
						LastSwiftMigration = 1620;
					};
					845BB16A2DDC75D4009811C3 = {
						CreatedOnToolsVersion = 16.2;
						TestTargetID = 845BB14F2DDC75D2009811C3;
					};
					845BB1742DDC75D4009811C3 = {
						CreatedOnToolsVersion = 16.2;
						TestTargetID = 845BB14F2DDC75D2009811C3;
					};
				};
			};
			buildConfigurationList = 845BB14B2DDC75D2009811C3 /* Build configuration list for PBXProject "IOS-Todo-Clean-Arch-ObjC" */;
			developmentRegion = en;
			hasScannedForEncodings = 0;
			knownRegions = (
				en,
				Base,
			);
			mainGroup = 845BB1472DDC75D2009811C3;
			minimizedProjectReferenceProxies = 1;
			packageReferences = (
				84477ED62DDCBB7C00816B71 /* XCRemoteSwiftPackageReference "TrueTime.swift" */,
			);
			preferredProjectObjectVersion = 77;
			productRefGroup = 845BB1512DDC75D2009811C3 /* Products */;
			projectDirPath = "";
			projectRoot = "";
			targets = (
				845BB14F2DDC75D2009811C3 /* IOS-Todo-Clean-Arch-ObjC */,
				845BB16A2DDC75D4009811C3 /* IOS-Todo-Clean-Arch-ObjCTests */,
				845BB1742DDC75D4009811C3 /* IOS-Todo-Clean-Arch-ObjCUITests */,
			);
		};
/* End PBXProject section */

/* Begin PBXResourcesBuildPhase section */
		845BB14E2DDC75D2009811C3 /* Resources */ = {
			isa = PBXResourcesBuildPhase;
			buildActionMask = 2147483647;
			files = (
			);
			runOnlyForDeploymentPostprocessing = 0;
		};
		845BB1692DDC75D4009811C3 /* Resources */ = {
			isa = PBXResourcesBuildPhase;
			buildActionMask = 2147483647;
			files = (
			);
			runOnlyForDeploymentPostprocessing = 0;
		};
		845BB1732DDC75D4009811C3 /* Resources */ = {
			isa = PBXResourcesBuildPhase;
			buildActionMask = 2147483647;
			files = (
			);
			runOnlyForDeploymentPostprocessing = 0;
		};
/* End PBXResourcesBuildPhase section */

/* Begin PBXSourcesBuildPhase section */
		845BB14C2DDC75D2009811C3 /* Sources */ = {
			isa = PBXSourcesBuildPhase;
			buildActionMask = 2147483647;
			files = (
			);
			runOnlyForDeploymentPostprocessing = 0;
		};
		845BB1672DDC75D4009811C3 /* Sources */ = {
			isa = PBXSourcesBuildPhase;
			buildActionMask = 2147483647;
			files = (
			);
			runOnlyForDeploymentPostprocessing = 0;
		};
		845BB1712DDC75D4009811C3 /* Sources */ = {
			isa = PBXSourcesBuildPhase;
			buildActionMask = 2147483647;
			files = (
			);
			runOnlyForDeploymentPostprocessing = 0;
		};
/* End PBXSourcesBuildPhase section */

/* Begin PBXTargetDependency section */
		845BB16D2DDC75D4009811C3 /* PBXTargetDependency */ = {
			isa = PBXTargetDependency;
			target = 845BB14F2DDC75D2009811C3 /* IOS-Todo-Clean-Arch-ObjC */;
			targetProxy = 845BB16C2DDC75D4009811C3 /* PBXContainerItemProxy */;
		};
		845BB1772DDC75D4009811C3 /* PBXTargetDependency */ = {
			isa = PBXTargetDependency;
			target = 845BB14F2DDC75D2009811C3 /* IOS-Todo-Clean-Arch-ObjC */;
			targetProxy = 845BB1762DDC75D4009811C3 /* PBXContainerItemProxy */;
		};
/* End PBXTargetDependency section */

/* Begin XCBuildConfiguration section */
		845BB17F2DDC75D4009811C3 /* Debug */ = {
			isa = XCBuildConfiguration;
			buildSettings = {
				ASSETCATALOG_COMPILER_APPICON_NAME = AppIcon;
				ASSETCATALOG_COMPILER_GLOBAL_ACCENT_COLOR_NAME = AccentColor;
				CLANG_ENABLE_MODULES = YES;
				CODE_SIGN_ENTITLEMENTS = "IOS-Todo-Clean-Arch-ObjC/IOS-Todo-Clean-Arch-ObjC.entitlements";
				CODE_SIGN_STYLE = Automatic;
				CURRENT_PROJECT_VERSION = 1;
				DEVELOPMENT_TEAM = 385HM6N397;
				GENERATE_INFOPLIST_FILE = YES;
				INFOPLIST_FILE = "IOS-Todo-Clean-Arch-ObjC/Info.plist";
				INFOPLIST_KEY_UIApplicationSupportsIndirectInputEvents = YES;
				INFOPLIST_KEY_UILaunchStoryboardName = LaunchScreen;
				INFOPLIST_KEY_UIMainStoryboardFile = Main;
				INFOPLIST_KEY_UISupportedInterfaceOrientations_iPad = "UIInterfaceOrientationPortrait UIInterfaceOrientationPortraitUpsideDown UIInterfaceOrientationLandscapeLeft UIInterfaceOrientationLandscapeRight";
				INFOPLIST_KEY_UISupportedInterfaceOrientations_iPhone = "UIInterfaceOrientationPortrait UIInterfaceOrientationLandscapeLeft UIInterfaceOrientationLandscapeRight";
				IPHONEOS_DEPLOYMENT_TARGET = 16;
				LD_RUNPATH_SEARCH_PATHS = (
					"$(inherited)",
					"@executable_path/Frameworks",
				);
				MARKETING_VERSION = 1.0;
				PRODUCT_BUNDLE_IDENTIFIER = "com.riseuplabs.app.IOS-Todo-Clean-Arch-ObjC";
				PRODUCT_NAME = "$(TARGET_NAME)";
				SWIFT_EMIT_LOC_STRINGS = YES;
				SWIFT_OBJC_BRIDGING_HEADER = "IOS-Todo-Clean-Arch-ObjC/IOS-Todo-Clean-Arch-ObjC-Bridging-Header.h";
				SWIFT_OPTIMIZATION_LEVEL = "-Onone";
				SWIFT_VERSION = 6.0;
				TARGETED_DEVICE_FAMILY = "1,2";
			};
			name = Debug;
		};
		845BB1802DDC75D4009811C3 /* Release */ = {
			isa = XCBuildConfiguration;
			buildSettings = {
				ASSETCATALOG_COMPILER_APPICON_NAME = AppIcon;
				ASSETCATALOG_COMPILER_GLOBAL_ACCENT_COLOR_NAME = AccentColor;
				CLANG_ENABLE_MODULES = YES;
				CODE_SIGN_ENTITLEMENTS = "IOS-Todo-Clean-Arch-ObjC/IOS-Todo-Clean-Arch-ObjC.entitlements";
				CODE_SIGN_STYLE = Automatic;
				CURRENT_PROJECT_VERSION = 1;
				DEVELOPMENT_TEAM = 385HM6N397;
				GENERATE_INFOPLIST_FILE = YES;
				INFOPLIST_FILE = "IOS-Todo-Clean-Arch-ObjC/Info.plist";
				INFOPLIST_KEY_UIApplicationSupportsIndirectInputEvents = YES;
				INFOPLIST_KEY_UILaunchStoryboardName = LaunchScreen;
				INFOPLIST_KEY_UIMainStoryboardFile = Main;
				INFOPLIST_KEY_UISupportedInterfaceOrientations_iPad = "UIInterfaceOrientationPortrait UIInterfaceOrientationPortraitUpsideDown UIInterfaceOrientationLandscapeLeft UIInterfaceOrientationLandscapeRight";
				INFOPLIST_KEY_UISupportedInterfaceOrientations_iPhone = "UIInterfaceOrientationPortrait UIInterfaceOrientationLandscapeLeft UIInterfaceOrientationLandscapeRight";
				IPHONEOS_DEPLOYMENT_TARGET = 16;
				LD_RUNPATH_SEARCH_PATHS = (
					"$(inherited)",
					"@executable_path/Frameworks",
				);
				MARKETING_VERSION = 1.0;
				PRODUCT_BUNDLE_IDENTIFIER = "com.riseuplabs.app.IOS-Todo-Clean-Arch-ObjC";
				PRODUCT_NAME = "$(TARGET_NAME)";
				SWIFT_EMIT_LOC_STRINGS = YES;
				SWIFT_OBJC_BRIDGING_HEADER = "IOS-Todo-Clean-Arch-ObjC/IOS-Todo-Clean-Arch-ObjC-Bridging-Header.h";
				SWIFT_VERSION = 6.0;
				TARGETED_DEVICE_FAMILY = "1,2";
			};
			name = Release;
		};
		845BB1812DDC75D4009811C3 /* Debug */ = {
			isa = XCBuildConfiguration;
			buildSettings = {
				ALWAYS_SEARCH_USER_PATHS = NO;
				ASSETCATALOG_COMPILER_GENERATE_SWIFT_ASSET_SYMBOL_EXTENSIONS = YES;
				CLANG_ANALYZER_NONNULL = YES;
				CLANG_ANALYZER_NUMBER_OBJECT_CONVERSION = YES_AGGRESSIVE;
				CLANG_CXX_LANGUAGE_STANDARD = "gnu++20";
				CLANG_ENABLE_MODULES = YES;
				CLANG_ENABLE_OBJC_ARC = YES;
				CLANG_ENABLE_OBJC_WEAK = YES;
				CLANG_WARN_BLOCK_CAPTURE_AUTORELEASING = YES;
				CLANG_WARN_BOOL_CONVERSION = YES;
				CLANG_WARN_COMMA = YES;
				CLANG_WARN_CONSTANT_CONVERSION = YES;
				CLANG_WARN_DEPRECATED_OBJC_IMPLEMENTATIONS = YES;
				CLANG_WARN_DIRECT_OBJC_ISA_USAGE = YES_ERROR;
				CLANG_WARN_DOCUMENTATION_COMMENTS = YES;
				CLANG_WARN_EMPTY_BODY = YES;
				CLANG_WARN_ENUM_CONVERSION = YES;
				CLANG_WARN_INFINITE_RECURSION = YES;
				CLANG_WARN_INT_CONVERSION = YES;
				CLANG_WARN_NON_LITERAL_NULL_CONVERSION = YES;
				CLANG_WARN_OBJC_IMPLICIT_RETAIN_SELF = YES;
				CLANG_WARN_OBJC_LITERAL_CONVERSION = YES;
				CLANG_WARN_OBJC_ROOT_CLASS = YES_ERROR;
				CLANG_WARN_QUOTED_INCLUDE_IN_FRAMEWORK_HEADER = YES;
				CLANG_WARN_RANGE_LOOP_ANALYSIS = YES;
				CLANG_WARN_STRICT_PROTOTYPES = YES;
				CLANG_WARN_SUSPICIOUS_MOVE = YES;
				CLANG_WARN_UNGUARDED_AVAILABILITY = YES_AGGRESSIVE;
				CLANG_WARN_UNREACHABLE_CODE = YES;
				CLANG_WARN__DUPLICATE_METHOD_MATCH = YES;
				COPY_PHASE_STRIP = NO;
				DEBUG_INFORMATION_FORMAT = dwarf;
				ENABLE_STRICT_OBJC_MSGSEND = YES;
				ENABLE_TESTABILITY = YES;
				ENABLE_USER_SCRIPT_SANDBOXING = YES;
				GCC_C_LANGUAGE_STANDARD = gnu17;
				GCC_DYNAMIC_NO_PIC = NO;
				GCC_NO_COMMON_BLOCKS = YES;
				GCC_OPTIMIZATION_LEVEL = 0;
				GCC_PREPROCESSOR_DEFINITIONS = (
					"DEBUG=1",
					"$(inherited)",
				);
				GCC_WARN_64_TO_32_BIT_CONVERSION = YES;
				GCC_WARN_ABOUT_RETURN_TYPE = YES_ERROR;
				GCC_WARN_UNDECLARED_SELECTOR = YES;
				GCC_WARN_UNINITIALIZED_AUTOS = YES_AGGRESSIVE;
				GCC_WARN_UNUSED_FUNCTION = YES;
				GCC_WARN_UNUSED_VARIABLE = YES;
				IPHONEOS_DEPLOYMENT_TARGET = 18.2;
				LOCALIZATION_PREFERS_STRING_CATALOGS = YES;
				MTL_ENABLE_DEBUG_INFO = INCLUDE_SOURCE;
				MTL_FAST_MATH = YES;
				ONLY_ACTIVE_ARCH = YES;
				SDKROOT = iphoneos;
			};
			name = Debug;
		};
		845BB1822DDC75D4009811C3 /* Release */ = {
			isa = XCBuildConfiguration;
			buildSettings = {
				ALWAYS_SEARCH_USER_PATHS = NO;
				ASSETCATALOG_COMPILER_GENERATE_SWIFT_ASSET_SYMBOL_EXTENSIONS = YES;
				CLANG_ANALYZER_NONNULL = YES;
				CLANG_ANALYZER_NUMBER_OBJECT_CONVERSION = YES_AGGRESSIVE;
				CLANG_CXX_LANGUAGE_STANDARD = "gnu++20";
				CLANG_ENABLE_MODULES = YES;
				CLANG_ENABLE_OBJC_ARC = YES;
				CLANG_ENABLE_OBJC_WEAK = YES;
				CLANG_WARN_BLOCK_CAPTURE_AUTORELEASING = YES;
				CLANG_WARN_BOOL_CONVERSION = YES;
				CLANG_WARN_COMMA = YES;
				CLANG_WARN_CONSTANT_CONVERSION = YES;
				CLANG_WARN_DEPRECATED_OBJC_IMPLEMENTATIONS = YES;
				CLANG_WARN_DIRECT_OBJC_ISA_USAGE = YES_ERROR;
				CLANG_WARN_DOCUMENTATION_COMMENTS = YES;
				CLANG_WARN_EMPTY_BODY = YES;
				CLANG_WARN_ENUM_CONVERSION = YES;
				CLANG_WARN_INFINITE_RECURSION = YES;
				CLANG_WARN_INT_CONVERSION = YES;
				CLANG_WARN_NON_LITERAL_NULL_CONVERSION = YES;
				CLANG_WARN_OBJC_IMPLICIT_RETAIN_SELF = YES;
				CLANG_WARN_OBJC_LITERAL_CONVERSION = YES;
				CLANG_WARN_OBJC_ROOT_CLASS = YES_ERROR;
				CLANG_WARN_QUOTED_INCLUDE_IN_FRAMEWORK_HEADER = YES;
				CLANG_WARN_RANGE_LOOP_ANALYSIS = YES;
				CLANG_WARN_STRICT_PROTOTYPES = YES;
				CLANG_WARN_SUSPICIOUS_MOVE = YES;
				CLANG_WARN_UNGUARDED_AVAILABILITY = YES_AGGRESSIVE;
				CLANG_WARN_UNREACHABLE_CODE = YES;
				CLANG_WARN__DUPLICATE_METHOD_MATCH = YES;
				COPY_PHASE_STRIP = NO;
				DEBUG_INFORMATION_FORMAT = "dwarf-with-dsym";
				ENABLE_NS_ASSERTIONS = NO;
				ENABLE_STRICT_OBJC_MSGSEND = YES;
				ENABLE_USER_SCRIPT_SANDBOXING = YES;
				GCC_C_LANGUAGE_STANDARD = gnu17;
				GCC_NO_COMMON_BLOCKS = YES;
				GCC_WARN_64_TO_32_BIT_CONVERSION = YES;
				GCC_WARN_ABOUT_RETURN_TYPE = YES_ERROR;
				GCC_WARN_UNDECLARED_SELECTOR = YES;
				GCC_WARN_UNINITIALIZED_AUTOS = YES_AGGRESSIVE;
				GCC_WARN_UNUSED_FUNCTION = YES;
				GCC_WARN_UNUSED_VARIABLE = YES;
				IPHONEOS_DEPLOYMENT_TARGET = 18.2;
				LOCALIZATION_PREFERS_STRING_CATALOGS = YES;
				MTL_ENABLE_DEBUG_INFO = NO;
				MTL_FAST_MATH = YES;
				SDKROOT = iphoneos;
				VALIDATE_PRODUCT = YES;
			};
			name = Release;
		};
		845BB1842DDC75D4009811C3 /* Debug */ = {
			isa = XCBuildConfiguration;
			buildSettings = {
				BUNDLE_LOADER = "$(TEST_HOST)";
				CODE_SIGN_STYLE = Automatic;
				CURRENT_PROJECT_VERSION = 1;
				DEVELOPMENT_TEAM = 385HM6N397;
				GENERATE_INFOPLIST_FILE = YES;
				IPHONEOS_DEPLOYMENT_TARGET = 18.2;
				MARKETING_VERSION = 1.0;
				PRODUCT_BUNDLE_IDENTIFIER = "com.riseuplabs.app.IOS-Todo-Clean-Arch-ObjCTests";
				PRODUCT_NAME = "$(TARGET_NAME)";
				SWIFT_EMIT_LOC_STRINGS = NO;
				TARGETED_DEVICE_FAMILY = "1,2";
				TEST_HOST = "$(BUILT_PRODUCTS_DIR)/IOS-Todo-Clean-Arch-ObjC.app/$(BUNDLE_EXECUTABLE_FOLDER_PATH)/IOS-Todo-Clean-Arch-ObjC";
			};
			name = Debug;
		};
		845BB1852DDC75D4009811C3 /* Release */ = {
			isa = XCBuildConfiguration;
			buildSettings = {
				BUNDLE_LOADER = "$(TEST_HOST)";
				CODE_SIGN_STYLE = Automatic;
				CURRENT_PROJECT_VERSION = 1;
				DEVELOPMENT_TEAM = 385HM6N397;
				GENERATE_INFOPLIST_FILE = YES;
				IPHONEOS_DEPLOYMENT_TARGET = 18.2;
				MARKETING_VERSION = 1.0;
				PRODUCT_BUNDLE_IDENTIFIER = "com.riseuplabs.app.IOS-Todo-Clean-Arch-ObjCTests";
				PRODUCT_NAME = "$(TARGET_NAME)";
				SWIFT_EMIT_LOC_STRINGS = NO;
				TARGETED_DEVICE_FAMILY = "1,2";
				TEST_HOST = "$(BUILT_PRODUCTS_DIR)/IOS-Todo-Clean-Arch-ObjC.app/$(BUNDLE_EXECUTABLE_FOLDER_PATH)/IOS-Todo-Clean-Arch-ObjC";
			};
			name = Release;
		};
		845BB1872DDC75D4009811C3 /* Debug */ = {
			isa = XCBuildConfiguration;
			buildSettings = {
				CODE_SIGN_STYLE = Automatic;
				CURRENT_PROJECT_VERSION = 1;
				DEVELOPMENT_TEAM = 385HM6N397;
				GENERATE_INFOPLIST_FILE = YES;
				MARKETING_VERSION = 1.0;
				PRODUCT_BUNDLE_IDENTIFIER = "com.riseuplabs.app.IOS-Todo-Clean-Arch-ObjCUITests";
				PRODUCT_NAME = "$(TARGET_NAME)";
				SWIFT_EMIT_LOC_STRINGS = NO;
				TARGETED_DEVICE_FAMILY = "1,2";
				TEST_TARGET_NAME = "IOS-Todo-Clean-Arch-ObjC";
			};
			name = Debug;
		};
		845BB1882DDC75D4009811C3 /* Release */ = {
			isa = XCBuildConfiguration;
			buildSettings = {
				CODE_SIGN_STYLE = Automatic;
				CURRENT_PROJECT_VERSION = 1;
				DEVELOPMENT_TEAM = 385HM6N397;
				GENERATE_INFOPLIST_FILE = YES;
				MARKETING_VERSION = 1.0;
				PRODUCT_BUNDLE_IDENTIFIER = "com.riseuplabs.app.IOS-Todo-Clean-Arch-ObjCUITests";
				PRODUCT_NAME = "$(TARGET_NAME)";
				SWIFT_EMIT_LOC_STRINGS = NO;
				TARGETED_DEVICE_FAMILY = "1,2";
				TEST_TARGET_NAME = "IOS-Todo-Clean-Arch-ObjC";
			};
			name = Release;
		};
/* End XCBuildConfiguration section */

/* Begin XCConfigurationList section */
		845BB14B2DDC75D2009811C3 /* Build configuration list for PBXProject "IOS-Todo-Clean-Arch-ObjC" */ = {
			isa = XCConfigurationList;
			buildConfigurations = (
				845BB1812DDC75D4009811C3 /* Debug */,
				845BB1822DDC75D4009811C3 /* Release */,
			);
			defaultConfigurationIsVisible = 0;
			defaultConfigurationName = Release;
		};
		845BB17E2DDC75D4009811C3 /* Build configuration list for PBXNativeTarget "IOS-Todo-Clean-Arch-ObjC" */ = {
			isa = XCConfigurationList;
			buildConfigurations = (
				845BB17F2DDC75D4009811C3 /* Debug */,
				845BB1802DDC75D4009811C3 /* Release */,
			);
			defaultConfigurationIsVisible = 0;
			defaultConfigurationName = Release;
		};
		845BB1832DDC75D4009811C3 /* Build configuration list for PBXNativeTarget "IOS-Todo-Clean-Arch-ObjCTests" */ = {
			isa = XCConfigurationList;
			buildConfigurations = (
				845BB1842DDC75D4009811C3 /* Debug */,
				845BB1852DDC75D4009811C3 /* Release */,
			);
			defaultConfigurationIsVisible = 0;
			defaultConfigurationName = Release;
		};
		845BB1862DDC75D4009811C3 /* Build configuration list for PBXNativeTarget "IOS-Todo-Clean-Arch-ObjCUITests" */ = {
			isa = XCConfigurationList;
			buildConfigurations = (
				845BB1872DDC75D4009811C3 /* Debug */,
				845BB1882DDC75D4009811C3 /* Release */,
			);
			defaultConfigurationIsVisible = 0;
			defaultConfigurationName = Release;
		};
/* End XCConfigurationList section */

/* Begin XCRemoteSwiftPackageReference section */
		84477ED62DDCBB7C00816B71 /* XCRemoteSwiftPackageReference "TrueTime.swift" */ = {
			isa = XCRemoteSwiftPackageReference;
			repositoryURL = "https://github.com/instacart/TrueTime.swift.git";
			requirement = {
				kind = upToNextMajorVersion;
				minimumVersion = 5.1.0;
			};
		};
/* End XCRemoteSwiftPackageReference section */
	};
	rootObject = 845BB1482DDC75D2009811C3 /* Project object */;
}
